
Microsoft Visual Studio Solution File, Format Version 9.00
# Visual Studio 2005
Project("{8BC9CEB8-8B4A-11D0-8D11-00A0C91BC942}") = "Events", "Events\Events.vcproj", "{4B58FC2C-D1DB-46F6-8FCF-5D24CB65F3CD}"
	ProjectSection(ProjectDependencies) = postProject
		{4B6E12BD-D859-4CB1-A497-E0B3B3FF1414} = {4B6E12BD-D859-4CB1-A497-E0B3B3FF1414}
	EndProjectSection
EndProject
Project("{8BC9CEB8-8B4A-11D0-8D11-00A0C91BC942}") = "EventsTest", "EventsTest\EventsTest.vcproj", "{677F690D-D2A9-49A2-8B5C-74004198DD04}"
	ProjectSection(ProjectDependencies) = postProject
		{4B58FC2C-D1DB-46F6-8FCF-5D24CB65F3CD} = {4B58FC2C-D1DB-46F6-8FCF-5D24CB65F3CD}
	EndProjectSection
EndProject
Project("{8BC9CEB8-8B4A-11D0-8D11-00A0C91BC942}") = "mcs", "mcs\msvs\mcs.vcproj", "{4B6E12BD-D859-4CB1-A497-E0B3B3FF1414}"
EndProject
Project("{8BC9CEB8-8B4A-11D0-8D11-00A0C91BC942}") = "UnitTests", "UnitTests\UnitTests.vcproj", "{18137197-A464-41BD-8A62-E24A35D8BE7D}"
EndProject
Project("{2150E333-8FDC-42A3-9474-1A3956D46DE8}") = "Probes", "Probes", "{E194FAAF-E10C-446F-9601-F1BCF4FF8AC3}"
EndProject
Project("{8BC9CEB8-8B4A-11D0-8D11-00A0C91BC942}") = "FunctionDeclarator", "Probes\FunctionDeclarator\FunctionDeclarator.vcproj", "{1660DC83-761A-48B0-8F32-935A08919294}"
EndProject
Global
	GlobalSection(SolutionConfigurationPlatforms) = preSolution
		Debug|Win32 = Debug|Win32
		MCS Debug|Win32 = MCS Debug|Win32
		Release|Win32 = Release|Win32
	EndGlobalSection
	GlobalSection(ProjectConfigurationPlatforms) = postSolution
		{4B58FC2C-D1DB-46F6-8FCF-5D24CB65F3CD}.Debug|Win32.ActiveCfg = Debug|Win32
		{4B58FC2C-D1DB-46F6-8FCF-5D24CB65F3CD}.Debug|Win32.Build.0 = Debug|Win32
		{4B58FC2C-D1DB-46F6-8FCF-5D24CB65F3CD}.MCS Debug|Win32.ActiveCfg = Debug|Win32
		{4B58FC2C-D1DB-46F6-8FCF-5D24CB65F3CD}.MCS Debug|Win32.Build.0 = Debug|Win32
		{4B58FC2C-D1DB-46F6-8FCF-5D24CB65F3CD}.Release|Win32.ActiveCfg = Release|Win32
		{4B58FC2C-D1DB-46F6-8FCF-5D24CB65F3CD}.Release|Win32.Build.0 = Release|Win32
		{677F690D-D2A9-49A2-8B5C-74004198DD04}.Debug|Win32.ActiveCfg = Debug|Win32
		{677F690D-D2A9-49A2-8B5C-74004198DD04}.Debug|Win32.Build.0 = Debug|Win32
		{677F690D-D2A9-49A2-8B5C-74004198DD04}.MCS Debug|Win32.ActiveCfg = Debug|Win32
		{677F690D-D2A9-49A2-8B5C-74004198DD04}.MCS Debug|Win32.Build.0 = Debug|Win32
		{677F690D-D2A9-49A2-8B5C-74004198DD04}.Release|Win32.ActiveCfg = Release|Win32
		{677F690D-D2A9-49A2-8B5C-74004198DD04}.Release|Win32.Build.0 = Release|Win32
		{4B6E12BD-D859-4CB1-A497-E0B3B3FF1414}.Debug|Win32.ActiveCfg = Release|Win32
		{4B6E12BD-D859-4CB1-A497-E0B3B3FF1414}.Debug|Win32.Build.0 = Release|Win32
		{4B6E12BD-D859-4CB1-A497-E0B3B3FF1414}.MCS Debug|Win32.ActiveCfg = Debug|Win32
		{4B6E12BD-D859-4CB1-A497-E0B3B3FF1414}.MCS Debug|Win32.Build.0 = Debug|Win32
		{4B6E12BD-D859-4CB1-A497-E0B3B3FF1414}.Release|Win32.ActiveCfg = Release|Win32
		{4B6E12BD-D859-4CB1-A497-E0B3B3FF1414}.Release|Win32.Build.0 = Release|Win32
		{18137197-A464-41BD-8A62-E24A35D8BE7D}.Debug|Win32.ActiveCfg = Debug|Win32
		{18137197-A464-41BD-8A62-E24A35D8BE7D}.Debug|Win32.Build.0 = Debug|Win32
		{18137197-A464-41BD-8A62-E24A35D8BE7D}.MCS Debug|Win32.ActiveCfg = Debug|Win32
		{18137197-A464-41BD-8A62-E24A35D8BE7D}.MCS Debug|Win32.Build.0 = Debug|Win32
		{18137197-A464-41BD-8A62-E24A35D8BE7D}.Release|Win32.ActiveCfg = Release|Win32
		{18137197-A464-41BD-8A62-E24A35D8BE7D}.Release|Win32.Build.0 = Release|Win32
		{1660DC83-761A-48B0-8F32-935A08919294}.Debug|Win32.ActiveCfg = Debug|Win32
		{1660DC83-761A-48B0-8F32-935A08919294}.Debug|Win32.Build.0 = Debug|Win32
		{1660DC83-761A-48B0-8F32-935A08919294}.MCS Debug|Win32.ActiveCfg = Debug|Win32
		{1660DC83-761A-48B0-8F32-935A08919294}.MCS Debug|Win32.Build.0 = Debug|Win32
		{1660DC83-761A-48B0-8F32-935A08919294}.Release|Win32.ActiveCfg = Release|Win32
		{1660DC83-761A-48B0-8F32-935A08919294}.Release|Win32.Build.0 = Release|Win32
	EndGlobalSection
	GlobalSection(SolutionProperties) = preSolution
		HideSolutionNode = FALSE
	EndGlobalSection
	GlobalSection(NestedProjects) = preSolution
		{1660DC83-761A-48B0-8F32-935A08919294} = {E194FAAF-E10C-446F-9601-F1BCF4FF8AC3}
	EndGlobalSection
EndGlobal
